// !$*UTF8*$!
{
	archiveVersion = 1;
	classes = {
	};
	objectVersion = 46;
	objects = {

/* Begin PBXBuildFile section */
		8B153ADF1CCBF3AD00855480 /* SPBaseViewController.m in Sources */ = {isa = PBXBuildFile; fileRef = 8B153ADE1CCBF3AD00855480 /* SPBaseViewController.m */; };
		8B153AE71CCBF3FA00855480 /* CustomBarItem.m in Sources */ = {isa = PBXBuildFile; fileRef = 8B153AE41CCBF3FA00855480 /* CustomBarItem.m */; };
		8B153AE81CCBF3FA00855480 /* UINavigationItem+CustomItem.m in Sources */ = {isa = PBXBuildFile; fileRef = 8B153AE61CCBF3FA00855480 /* UINavigationItem+CustomItem.m */; };
		8B153AEC1CCBF61D00855480 /* MBProgressHUD.m in Sources */ = {isa = PBXBuildFile; fileRef = 8B153AEB1CCBF61D00855480 /* MBProgressHUD.m */; };
		8B48B0AA1CC911EC006F7BD1 /* SPCircleMenu.m in Sources */ = {isa = PBXBuildFile; fileRef = 8B48B0A71CC911EC006F7BD1 /* SPCircleMenu.m */; };
		8B48B0AB1CC911EC006F7BD1 /* SPCircleMenuItem.m in Sources */ = {isa = PBXBuildFile; fileRef = 8B48B0A91CC911EC006F7BD1 /* SPCircleMenuItem.m */; };
		8B48B0AE1CC91256006F7BD1 /* SPCircleMenuViewController.m in Sources */ = {isa = PBXBuildFile; fileRef = 8B48B0AD1CC91256006F7BD1 /* SPCircleMenuViewController.m */; };
		8B9F01B11D0CA50E0016A8D8 /* SPCalendar.m in Sources */ = {isa = PBXBuildFile; fileRef = 8B9F01B01D0CA50E0016A8D8 /* SPCalendar.m */; };
		8B9F01B41D0CACC40016A8D8 /* UIColor+expanded.m in Sources */ = {isa = PBXBuildFile; fileRef = 8B9F01B31D0CACC40016A8D8 /* UIColor+expanded.m */; };
		8B9F01B81D0CAD7A0016A8D8 /* NSMutableArray+Addtions.m in Sources */ = {isa = PBXBuildFile; fileRef = 8B9F01B71D0CAD7A0016A8D8 /* NSMutableArray+Addtions.m */; };
		8BA0D9211CC299FD00130B4D /* main.m in Sources */ = {isa = PBXBuildFile; fileRef = 8BA0D9201CC299FD00130B4D /* main.m */; };
		8BA0D9241CC299FD00130B4D /* AppDelegate.m in Sources */ = {isa = PBXBuildFile; fileRef = 8BA0D9231CC299FD00130B4D /* AppDelegate.m */; };
		8BA0D92A1CC299FD00130B4D /* Main.storyboard in Resources */ = {isa = PBXBuildFile; fileRef = 8BA0D9281CC299FD00130B4D /* Main.storyboard */; };
		8BA0D92C1CC299FD00130B4D /* Assets.xcassets in Resources */ = {isa = PBXBuildFile; fileRef = 8BA0D92B1CC299FD00130B4D /* Assets.xcassets */; };
		8BA0D92F1CC299FD00130B4D /* LaunchScreen.storyboard in Resources */ = {isa = PBXBuildFile; fileRef = 8BA0D92D1CC299FD00130B4D /* LaunchScreen.storyboard */; };
		8BA0D93F1CC29A4200130B4D /* NSDate+Addtions.m in Sources */ = {isa = PBXBuildFile; fileRef = 8BA0D9381CC29A4200130B4D /* NSDate+Addtions.m */; };
		8BA0D9401CC29A4200130B4D /* NSString+Addtions.m in Sources */ = {isa = PBXBuildFile; fileRef = 8BA0D93A1CC29A4200130B4D /* NSString+Addtions.m */; };
		8BA0D9411CC29A4200130B4D /* UIImage+Addtions.m in Sources */ = {isa = PBXBuildFile; fileRef = 8BA0D93C1CC29A4200130B4D /* UIImage+Addtions.m */; };
		8BA0D9421CC29A4200130B4D /* UIView+Addtions.m in Sources */ = {isa = PBXBuildFile; fileRef = 8BA0D93E1CC29A4200130B4D /* UIView+Addtions.m */; };
		8BA0D9481CC2BB7800130B4D /* SPWidgetsTableViewController.m in Sources */ = {isa = PBXBuildFile; fileRef = 8BA0D9471CC2BB7800130B4D /* SPWidgetsTableViewController.m */; };
		8BA0D94C1CC2BC5B00130B4D /* SPGameStick.m in Sources */ = {isa = PBXBuildFile; fileRef = 8BA0D94B1CC2BC5B00130B4D /* SPGameStick.m */; };
		8BA0D94F1CC2BD0F00130B4D /* SPGameStickController.m in Sources */ = {isa = PBXBuildFile; fileRef = 8BA0D94E1CC2BD0F00130B4D /* SPGameStickController.m */; };
		8BA0D9521CC2BDF800130B4D /* SPGStickerDemoViewController.m in Sources */ = {isa = PBXBuildFile; fileRef = 8BA0D9511CC2BDF800130B4D /* SPGStickerDemoViewController.m */; };
		8BE474EF1CC9397A0004037E /* BasicMath.m in Sources */ = {isa = PBXBuildFile; fileRef = 8BE474EA1CC9397A0004037E /* BasicMath.m */; };
		8BE474F01CC9397A0004037E /* Distance.m in Sources */ = {isa = PBXBuildFile; fileRef = 8BE474EC1CC9397A0004037E /* Distance.m */; };
		8BE474F11CC9397A0004037E /* MatrixComputation.m in Sources */ = {isa = PBXBuildFile; fileRef = 8BE474EE1CC9397A0004037E /* MatrixComputation.m */; };
/* End PBXBuildFile section */

/* Begin PBXFileReference section */
		8B153ADD1CCBF3AD00855480 /* SPBaseViewController.h */ = {isa = PBXFileReference; fileEncoding = 4; lastKnownFileType = sourcecode.c.h; path = SPBaseViewController.h; sourceTree = "<group>"; };
		8B153ADE1CCBF3AD00855480 /* SPBaseViewController.m */ = {isa = PBXFileReference; fileEncoding = 4; lastKnownFileType = sourcecode.c.objc; path = SPBaseViewController.m; sourceTree = "<group>"; };
		8B153AE31CCBF3FA00855480 /* CustomBarItem.h */ = {isa = PBXFileReference; fileEncoding = 4; lastKnownFileType = sourcecode.c.h; path = CustomBarItem.h; sourceTree = "<group>"; };
		8B153AE41CCBF3FA00855480 /* CustomBarItem.m */ = {isa = PBXFileReference; fileEncoding = 4; lastKnownFileType = sourcecode.c.objc; path = CustomBarItem.m; sourceTree = "<group>"; };
		8B153AE51CCBF3FA00855480 /* UINavigationItem+CustomItem.h */ = {isa = PBXFileReference; fileEncoding = 4; lastKnownFileType = sourcecode.c.h; path = "UINavigationItem+CustomItem.h"; sourceTree = "<group>"; };
		8B153AE61CCBF3FA00855480 /* UINavigationItem+CustomItem.m */ = {isa = PBXFileReference; fileEncoding = 4; lastKnownFileType = sourcecode.c.objc; path = "UINavigationItem+CustomItem.m"; sourceTree = "<group>"; };
		8B153AEA1CCBF61D00855480 /* MBProgressHUD.h */ = {isa = PBXFileReference; fileEncoding = 4; lastKnownFileType = sourcecode.c.h; path = MBProgressHUD.h; sourceTree = "<group>"; };
		8B153AEB1CCBF61D00855480 /* MBProgressHUD.m */ = {isa = PBXFileReference; fileEncoding = 4; lastKnownFileType = sourcecode.c.objc; path = MBProgressHUD.m; sourceTree = "<group>"; };
		8B48B0A61CC911EC006F7BD1 /* SPCircleMenu.h */ = {isa = PBXFileReference; fileEncoding = 4; lastKnownFileType = sourcecode.c.h; path = SPCircleMenu.h; sourceTree = "<group>"; };
		8B48B0A71CC911EC006F7BD1 /* SPCircleMenu.m */ = {isa = PBXFileReference; fileEncoding = 4; lastKnownFileType = sourcecode.c.objc; path = SPCircleMenu.m; sourceTree = "<group>"; };
		8B48B0A81CC911EC006F7BD1 /* SPCircleMenuItem.h */ = {isa = PBXFileReference; fileEncoding = 4; lastKnownFileType = sourcecode.c.h; path = SPCircleMenuItem.h; sourceTree = "<group>"; };
		8B48B0A91CC911EC006F7BD1 /* SPCircleMenuItem.m */ = {isa = PBXFileReference; fileEncoding = 4; lastKnownFileType = sourcecode.c.objc; path = SPCircleMenuItem.m; sourceTree = "<group>"; };
		8B48B0AC1CC91256006F7BD1 /* SPCircleMenuViewController.h */ = {isa = PBXFileReference; fileEncoding = 4; lastKnownFileType = sourcecode.c.h; path = SPCircleMenuViewController.h; sourceTree = "<group>"; };
		8B48B0AD1CC91256006F7BD1 /* SPCircleMenuViewController.m */ = {isa = PBXFileReference; fileEncoding = 4; lastKnownFileType = sourcecode.c.objc; path = SPCircleMenuViewController.m; sourceTree = "<group>"; };
		8B9F01AF1D0CA50E0016A8D8 /* SPCalendar.h */ = {isa = PBXFileReference; fileEncoding = 4; lastKnownFileType = sourcecode.c.h; path = SPCalendar.h; sourceTree = "<group>"; };
		8B9F01B01D0CA50E0016A8D8 /* SPCalendar.m */ = {isa = PBXFileReference; fileEncoding = 4; lastKnownFileType = sourcecode.c.objc; path = SPCalendar.m; sourceTree = "<group>"; };
		8B9F01B21D0CACC40016A8D8 /* UIColor+expanded.h */ = {isa = PBXFileReference; fileEncoding = 4; lastKnownFileType = sourcecode.c.h; path = "UIColor+expanded.h"; sourceTree = "<group>"; };
		8B9F01B31D0CACC40016A8D8 /* UIColor+expanded.m */ = {isa = PBXFileReference; fileEncoding = 4; lastKnownFileType = sourcecode.c.objc; path = "UIColor+expanded.m"; sourceTree = "<group>"; };
		8B9F01B61D0CAD7A0016A8D8 /* NSMutableArray+Addtions.h */ = {isa = PBXFileReference; fileEncoding = 4; lastKnownFileType = sourcecode.c.h; path = "NSMutableArray+Addtions.h"; sourceTree = "<group>"; };
		8B9F01B71D0CAD7A0016A8D8 /* NSMutableArray+Addtions.m */ = {isa = PBXFileReference; fileEncoding = 4; lastKnownFileType = sourcecode.c.objc; path = "NSMutableArray+Addtions.m"; sourceTree = "<group>"; };
		8BA0D91C1CC299FD00130B4D /* SPWidgets_iOS.app */ = {isa = PBXFileReference; explicitFileType = wrapper.application; includeInIndex = 0; path = SPWidgets_iOS.app; sourceTree = BUILT_PRODUCTS_DIR; };
		8BA0D9201CC299FD00130B4D /* main.m */ = {isa = PBXFileReference; lastKnownFileType = sourcecode.c.objc; path = main.m; sourceTree = "<group>"; };
		8BA0D9221CC299FD00130B4D /* AppDelegate.h */ = {isa = PBXFileReference; lastKnownFileType = sourcecode.c.h; path = AppDelegate.h; sourceTree = "<group>"; };
		8BA0D9231CC299FD00130B4D /* AppDelegate.m */ = {isa = PBXFileReference; lastKnownFileType = sourcecode.c.objc; path = AppDelegate.m; sourceTree = "<group>"; };
		8BA0D9291CC299FD00130B4D /* Base */ = {isa = PBXFileReference; lastKnownFileType = file.storyboard; name = Base; path = Base.lproj/Main.storyboard; sourceTree = "<group>"; };
		8BA0D92B1CC299FD00130B4D /* Assets.xcassets */ = {isa = PBXFileReference; lastKnownFileType = folder.assetcatalog; path = Assets.xcassets; sourceTree = "<group>"; };
		8BA0D92E1CC299FD00130B4D /* Base */ = {isa = PBXFileReference; lastKnownFileType = file.storyboard; name = Base; path = Base.lproj/LaunchScreen.storyboard; sourceTree = "<group>"; };
		8BA0D9301CC299FD00130B4D /* Info.plist */ = {isa = PBXFileReference; lastKnownFileType = text.plist.xml; path = Info.plist; sourceTree = "<group>"; };
		8BA0D9371CC29A4200130B4D /* NSDate+Addtions.h */ = {isa = PBXFileReference; fileEncoding = 4; lastKnownFileType = sourcecode.c.h; path = "NSDate+Addtions.h"; sourceTree = "<group>"; };
		8BA0D9381CC29A4200130B4D /* NSDate+Addtions.m */ = {isa = PBXFileReference; fileEncoding = 4; lastKnownFileType = sourcecode.c.objc; path = "NSDate+Addtions.m"; sourceTree = "<group>"; };
		8BA0D9391CC29A4200130B4D /* NSString+Addtions.h */ = {isa = PBXFileReference; fileEncoding = 4; lastKnownFileType = sourcecode.c.h; path = "NSString+Addtions.h"; sourceTree = "<group>"; };
		8BA0D93A1CC29A4200130B4D /* NSString+Addtions.m */ = {isa = PBXFileReference; fileEncoding = 4; lastKnownFileType = sourcecode.c.objc; path = "NSString+Addtions.m"; sourceTree = "<group>"; };
		8BA0D93B1CC29A4200130B4D /* UIImage+Addtions.h */ = {isa = PBXFileReference; fileEncoding = 4; lastKnownFileType = sourcecode.c.h; path = "UIImage+Addtions.h"; sourceTree = "<group>"; };
		8BA0D93C1CC29A4200130B4D /* UIImage+Addtions.m */ = {isa = PBXFileReference; fileEncoding = 4; lastKnownFileType = sourcecode.c.objc; path = "UIImage+Addtions.m"; sourceTree = "<group>"; };
		8BA0D93D1CC29A4200130B4D /* UIView+Addtions.h */ = {isa = PBXFileReference; fileEncoding = 4; lastKnownFileType = sourcecode.c.h; path = "UIView+Addtions.h"; sourceTree = "<group>"; };
		8BA0D93E1CC29A4200130B4D /* UIView+Addtions.m */ = {isa = PBXFileReference; fileEncoding = 4; lastKnownFileType = sourcecode.c.objc; path = "UIView+Addtions.m"; sourceTree = "<group>"; };
		8BA0D9461CC2BB7800130B4D /* SPWidgetsTableViewController.h */ = {isa = PBXFileReference; fileEncoding = 4; lastKnownFileType = sourcecode.c.h; path = SPWidgetsTableViewController.h; sourceTree = "<group>"; };
		8BA0D9471CC2BB7800130B4D /* SPWidgetsTableViewController.m */ = {isa = PBXFileReference; fileEncoding = 4; lastKnownFileType = sourcecode.c.objc; path = SPWidgetsTableViewController.m; sourceTree = "<group>"; };
		8BA0D94A1CC2BC5B00130B4D /* SPGameStick.h */ = {isa = PBXFileReference; fileEncoding = 4; lastKnownFileType = sourcecode.c.h; name = SPGameStick.h; path = SPGameStick/SPGameStick.h; sourceTree = "<group>"; };
		8BA0D94B1CC2BC5B00130B4D /* SPGameStick.m */ = {isa = PBXFileReference; fileEncoding = 4; lastKnownFileType = sourcecode.c.objc; name = SPGameStick.m; path = SPGameStick/SPGameStick.m; sourceTree = "<group>"; };
		8BA0D94D1CC2BD0F00130B4D /* SPGameStickController.h */ = {isa = PBXFileReference; fileEncoding = 4; lastKnownFileType = sourcecode.c.h; name = SPGameStickController.h; path = SPGameStick/SPGameStickController.h; sourceTree = "<group>"; };
		8BA0D94E1CC2BD0F00130B4D /* SPGameStickController.m */ = {isa = PBXFileReference; fileEncoding = 4; lastKnownFileType = sourcecode.c.objc; name = SPGameStickController.m; path = SPGameStick/SPGameStickController.m; sourceTree = "<group>"; };
		8BA0D9501CC2BDF800130B4D /* SPGStickerDemoViewController.h */ = {isa = PBXFileReference; fileEncoding = 4; lastKnownFileType = sourcecode.c.h; name = SPGStickerDemoViewController.h; path = SPGameStick/SPGStickerDemoViewController.h; sourceTree = "<group>"; };
		8BA0D9511CC2BDF800130B4D /* SPGStickerDemoViewController.m */ = {isa = PBXFileReference; fileEncoding = 4; lastKnownFileType = sourcecode.c.objc; name = SPGStickerDemoViewController.m; path = SPGameStick/SPGStickerDemoViewController.m; sourceTree = "<group>"; };
		8BE474E91CC9397A0004037E /* BasicMath.h */ = {isa = PBXFileReference; fileEncoding = 4; lastKnownFileType = sourcecode.c.h; path = BasicMath.h; sourceTree = "<group>"; };
		8BE474EA1CC9397A0004037E /* BasicMath.m */ = {isa = PBXFileReference; fileEncoding = 4; lastKnownFileType = sourcecode.c.objc; path = BasicMath.m; sourceTree = "<group>"; };
		8BE474EB1CC9397A0004037E /* Distance.h */ = {isa = PBXFileReference; fileEncoding = 4; lastKnownFileType = sourcecode.c.h; path = Distance.h; sourceTree = "<group>"; };
		8BE474EC1CC9397A0004037E /* Distance.m */ = {isa = PBXFileReference; fileEncoding = 4; lastKnownFileType = sourcecode.c.objc; path = Distance.m; sourceTree = "<group>"; };
		8BE474ED1CC9397A0004037E /* MatrixComputation.h */ = {isa = PBXFileReference; fileEncoding = 4; lastKnownFileType = sourcecode.c.h; path = MatrixComputation.h; sourceTree = "<group>"; };
		8BE474EE1CC9397A0004037E /* MatrixComputation.m */ = {isa = PBXFileReference; fileEncoding = 4; lastKnownFileType = sourcecode.c.objc; path = MatrixComputation.m; sourceTree = "<group>"; };
/* End PBXFileReference section */

/* Begin PBXFrameworksBuildPhase section */
		8BA0D9191CC299FD00130B4D /* Frameworks */ = {
			isa = PBXFrameworksBuildPhase;
			buildActionMask = 2147483647;
			files = (
			);
			runOnlyForDeploymentPostprocessing = 0;
		};
/* End PBXFrameworksBuildPhase section */

/* Begin PBXGroup section */
		8B153ADC1CCBF38400855480 /* SPBaseView */ = {
			isa = PBXGroup;
			children = (
				8B153AE91CCBF61D00855480 /* MBProcessHUD */,
				8B153AE21CCBF3FA00855480 /* CustomNavigationBarItem */,
				8B153ADD1CCBF3AD00855480 /* SPBaseViewController.h */,
				8B153ADE1CCBF3AD00855480 /* SPBaseViewController.m */,
			);
			path = SPBaseView;
			sourceTree = "<group>";
		};
		8B153AE21CCBF3FA00855480 /* CustomNavigationBarItem */ = {
			isa = PBXGroup;
			children = (
				8B153AE31CCBF3FA00855480 /* CustomBarItem.h */,
				8B153AE41CCBF3FA00855480 /* CustomBarItem.m */,
				8B153AE51CCBF3FA00855480 /* UINavigationItem+CustomItem.h */,
				8B153AE61CCBF3FA00855480 /* UINavigationItem+CustomItem.m */,
			);
			path = CustomNavigationBarItem;
			sourceTree = "<group>";
		};
		8B153AE91CCBF61D00855480 /* MBProcessHUD */ = {
			isa = PBXGroup;
			children = (
				8B153AEA1CCBF61D00855480 /* MBProgressHUD.h */,
				8B153AEB1CCBF61D00855480 /* MBProgressHUD.m */,
			);
			path = MBProcessHUD;
			sourceTree = "<group>";
		};
		8B48B0A51CC911EC006F7BD1 /* SPCircleMenu */ = {
			isa = PBXGroup;
			children = (
				8B48B0A61CC911EC006F7BD1 /* SPCircleMenu.h */,
				8B48B0A71CC911EC006F7BD1 /* SPCircleMenu.m */,
				8B48B0A81CC911EC006F7BD1 /* SPCircleMenuItem.h */,
				8B48B0A91CC911EC006F7BD1 /* SPCircleMenuItem.m */,
				8B48B0AC1CC91256006F7BD1 /* SPCircleMenuViewController.h */,
				8B48B0AD1CC91256006F7BD1 /* SPCircleMenuViewController.m */,
			);
			path = SPCircleMenu;
			sourceTree = "<group>";
		};
		8B9F01AE1D0CA4F00016A8D8 /* SPCalendar */ = {
			isa = PBXGroup;
			children = (
				8B9F01AF1D0CA50E0016A8D8 /* SPCalendar.h */,
				8B9F01B01D0CA50E0016A8D8 /* SPCalendar.m */,
			);
			path = SPCalendar;
			sourceTree = "<group>";
		};
		8BA0D9131CC299FD00130B4D = {
			isa = PBXGroup;
			children = (
				8BA0D91E1CC299FD00130B4D /* SPWidgets_iOS */,
				8BA0D91D1CC299FD00130B4D /* Products */,
			);
			sourceTree = "<group>";
		};
		8BA0D91D1CC299FD00130B4D /* Products */ = {
			isa = PBXGroup;
			children = (
				8BA0D91C1CC299FD00130B4D /* SPWidgets_iOS.app */,
			);
			name = Products;
			sourceTree = "<group>";
		};
		8BA0D91E1CC299FD00130B4D /* SPWidgets_iOS */ = {
			isa = PBXGroup;
			children = (
				8B9F01AE1D0CA4F00016A8D8 /* SPCalendar */,
				8B153ADC1CCBF38400855480 /* SPBaseView */,
				8BE474E81CC9397A0004037E /* SPBasicMath */,
				8B48B0A51CC911EC006F7BD1 /* SPCircleMenu */,
				8BA0D9491CC2BC2B00130B4D /* SPGameStick */,
				8BA0D9361CC29A4200130B4D /* Additions */,
				8BA0D9221CC299FD00130B4D /* AppDelegate.h */,
				8BA0D9231CC299FD00130B4D /* AppDelegate.m */,
				8BA0D9461CC2BB7800130B4D /* SPWidgetsTableViewController.h */,
				8BA0D9471CC2BB7800130B4D /* SPWidgetsTableViewController.m */,
				8BA0D9281CC299FD00130B4D /* Main.storyboard */,
				8BA0D92B1CC299FD00130B4D /* Assets.xcassets */,
				8BA0D92D1CC299FD00130B4D /* LaunchScreen.storyboard */,
				8BA0D9301CC299FD00130B4D /* Info.plist */,
				8BA0D91F1CC299FD00130B4D /* Supporting Files */,
			);
			path = SPWidgets_iOS;
			sourceTree = "<group>";
		};
		8BA0D91F1CC299FD00130B4D /* Supporting Files */ = {
			isa = PBXGroup;
			children = (
				8BA0D9201CC299FD00130B4D /* main.m */,
			);
			name = "Supporting Files";
			sourceTree = "<group>";
		};
		8BA0D9361CC29A4200130B4D /* Additions */ = {
			isa = PBXGroup;
			children = (
				8B9F01B21D0CACC40016A8D8 /* UIColor+expanded.h */,
				8B9F01B31D0CACC40016A8D8 /* UIColor+expanded.m */,
				8BA0D9371CC29A4200130B4D /* NSDate+Addtions.h */,
				8BA0D9381CC29A4200130B4D /* NSDate+Addtions.m */,
				8BA0D9391CC29A4200130B4D /* NSString+Addtions.h */,
				8BA0D93A1CC29A4200130B4D /* NSString+Addtions.m */,
				8B9F01B61D0CAD7A0016A8D8 /* NSMutableArray+Addtions.h */,
				8B9F01B71D0CAD7A0016A8D8 /* NSMutableArray+Addtions.m */,
				8BA0D93B1CC29A4200130B4D /* UIImage+Addtions.h */,
				8BA0D93C1CC29A4200130B4D /* UIImage+Addtions.m */,
				8BA0D93D1CC29A4200130B4D /* UIView+Addtions.h */,
				8BA0D93E1CC29A4200130B4D /* UIView+Addtions.m */,
			);
			path = Additions;
			sourceTree = "<group>";
		};
		8BA0D9491CC2BC2B00130B4D /* SPGameStick */ = {
			isa = PBXGroup;
			children = (
				8BA0D94A1CC2BC5B00130B4D /* SPGameStick.h */,
				8BA0D94B1CC2BC5B00130B4D /* SPGameStick.m */,
				8BA0D94D1CC2BD0F00130B4D /* SPGameStickController.h */,
				8BA0D94E1CC2BD0F00130B4D /* SPGameStickController.m */,
				8BA0D9501CC2BDF800130B4D /* SPGStickerDemoViewController.h */,
				8BA0D9511CC2BDF800130B4D /* SPGStickerDemoViewController.m */,
			);
			name = SPGameStick;
			sourceTree = "<group>";
		};
		8BE474E81CC9397A0004037E /* SPBasicMath */ = {
			isa = PBXGroup;
			children = (
				8BE474E91CC9397A0004037E /* BasicMath.h */,
				8BE474EA1CC9397A0004037E /* BasicMath.m */,
				8BE474EB1CC9397A0004037E /* Distance.h */,
				8BE474EC1CC9397A0004037E /* Distance.m */,
				8BE474ED1CC9397A0004037E /* MatrixComputation.h */,
				8BE474EE1CC9397A0004037E /* MatrixComputation.m */,
			);
			path = SPBasicMath;
			sourceTree = "<group>";
		};
/* End PBXGroup section */

/* Begin PBXNativeTarget section */
		8BA0D91B1CC299FD00130B4D /* SPWidgets_iOS */ = {
			isa = PBXNativeTarget;
			buildConfigurationList = 8BA0D9331CC299FD00130B4D /* Build configuration list for PBXNativeTarget "SPWidgets_iOS" */;
			buildPhases = (
				8BA0D9181CC299FD00130B4D /* Sources */,
				8BA0D9191CC299FD00130B4D /* Frameworks */,
				8BA0D91A1CC299FD00130B4D /* Resources */,
			);
			buildRules = (
			);
			dependencies = (
			);
			name = SPWidgets_iOS;
			productName = SPWidgets_iOS;
			productReference = 8BA0D91C1CC299FD00130B4D /* SPWidgets_iOS.app */;
			productType = "com.apple.product-type.application";
		};
/* End PBXNativeTarget section */

/* Begin PBXProject section */
		8BA0D9141CC299FD00130B4D /* Project object */ = {
			isa = PBXProject;
			attributes = {
				LastUpgradeCheck = 0730;
				ORGANIZATIONNAME = roselifeye;
				TargetAttributes = {
					8BA0D91B1CC299FD00130B4D = {
						CreatedOnToolsVersion = 7.3;
					};
				};
			};
			buildConfigurationList = 8BA0D9171CC299FD00130B4D /* Build configuration list for PBXProject "SPWidgets_iOS" */;
			compatibilityVersion = "Xcode 3.2";
			developmentRegion = English;
			hasScannedForEncodings = 0;
			knownRegions = (
				en,
				Base,
			);
			mainGroup = 8BA0D9131CC299FD00130B4D;
			productRefGroup = 8BA0D91D1CC299FD00130B4D /* Products */;
			projectDirPath = "";
			projectRoot = "";
			targets = (
				8BA0D91B1CC299FD00130B4D /* SPWidgets_iOS */,
			);
		};
/* End PBXProject section */

/* Begin PBXResourcesBuildPhase section */
		8BA0D91A1CC299FD00130B4D /* Resources */ = {
			isa = PBXResourcesBuildPhase;
			buildActionMask = 2147483647;
			files = (
				8BA0D92F1CC299FD00130B4D /* LaunchScreen.storyboard in Resources */,
				8BA0D92C1CC299FD00130B4D /* Assets.xcassets in Resources */,
				8BA0D92A1CC299FD00130B4D /* Main.storyboard in Resources */,
			);
			runOnlyForDeploymentPostprocessing = 0;
		};
/* End PBXResourcesBuildPhase section */

/* Begin PBXSourcesBuildPhase section */
		8BA0D9181CC299FD00130B4D /* Sources */ = {
			isa = PBXSourcesBuildPhase;
			buildActionMask = 2147483647;
			files = (
				8BA0D93F1CC29A4200130B4D /* NSDate+Addtions.m in Sources */,
				8BA0D94F1CC2BD0F00130B4D /* SPGameStickController.m in Sources */,
				8B9F01B41D0CACC40016A8D8 /* UIColor+expanded.m in Sources */,
				8BE474EF1CC9397A0004037E /* BasicMath.m in Sources */,
				8BA0D9481CC2BB7800130B4D /* SPWidgetsTableViewController.m in Sources */,
				8BA0D9241CC299FD00130B4D /* AppDelegate.m in Sources */,
				8BA0D9421CC29A4200130B4D /* UIView+Addtions.m in Sources */,
				8BE474F11CC9397A0004037E /* MatrixComputation.m in Sources */,
				8B153AEC1CCBF61D00855480 /* MBProgressHUD.m in Sources */,
				8BE474F01CC9397A0004037E /* Distance.m in Sources */,
				8BA0D9411CC29A4200130B4D /* UIImage+Addtions.m in Sources */,
				8B9F01B11D0CA50E0016A8D8 /* SPCalendar.m in Sources */,
				8B153AE71CCBF3FA00855480 /* CustomBarItem.m in Sources */,
				8B48B0AA1CC911EC006F7BD1 /* SPCircleMenu.m in Sources */,
				8B153AE81CCBF3FA00855480 /* UINavigationItem+CustomItem.m in Sources */,
				8BA0D9521CC2BDF800130B4D /* SPGStickerDemoViewController.m in Sources */,
				8BA0D94C1CC2BC5B00130B4D /* SPGameStick.m in Sources */,
				8BA0D9211CC299FD00130B4D /* main.m in Sources */,
				8B153ADF1CCBF3AD00855480 /* SPBaseViewController.m in Sources */,
				8B48B0AB1CC911EC006F7BD1 /* SPCircleMenuItem.m in Sources */,
				8BA0D9401CC29A4200130B4D /* NSString+Addtions.m in Sources */,
				8B9F01B81D0CAD7A0016A8D8 /* NSMutableArray+Addtions.m in Sources */,
				8B48B0AE1CC91256006F7BD1 /* SPCircleMenuViewController.m in Sources */,
			);
			runOnlyForDeploymentPostprocessing = 0;
		};
/* End PBXSourcesBuildPhase section */

/* Begin PBXVariantGroup section */
		8BA0D9281CC299FD00130B4D /* Main.storyboard */ = {
			isa = PBXVariantGroup;
			children = (
				8BA0D9291CC299FD00130B4D /* Base */,
			);
			name = Main.storyboard;
			sourceTree = "<group>";
		};
		8BA0D92D1CC299FD00130B4D /* LaunchScreen.storyboard */ = {
			isa = PBXVariantGroup;
			children = (
				8BA0D92E1CC299FD00130B4D /* Base */,
			);
			name = LaunchScreen.storyboard;
			sourceTree = "<group>";
		};
/* End PBXVariantGroup section */

/* Begin XCBuildConfiguration section */
		8BA0D9311CC299FD00130B4D /* Debug */ = {
			isa = XCBuildConfiguration;
			buildSettings = {
				ALWAYS_SEARCH_USER_PATHS = NO;
				CLANG_ANALYZER_NONNULL = YES;
				CLANG_CXX_LANGUAGE_STANDARD = "gnu++0x";
				CLANG_CXX_LIBRARY = "libc++";
				CLANG_ENABLE_MODULES = YES;
				CLANG_ENABLE_OBJC_ARC = YES;
				CLANG_WARN_BOOL_CONVERSION = YES;
				CLANG_WARN_CONSTANT_CONVERSION = YES;
				CLANG_WARN_DIRECT_OBJC_ISA_USAGE = YES_ERROR;
				CLANG_WARN_EMPTY_BODY = YES;
				CLANG_WARN_ENUM_CONVERSION = YES;
				CLANG_WARN_INT_CONVERSION = YES;
				CLANG_WARN_OBJC_ROOT_CLASS = YES_ERROR;
				CLANG_WARN_UNREACHABLE_CODE = YES;
				CLANG_WARN__DUPLICATE_METHOD_MATCH = YES;
				"CODE_SIGN_IDENTITY[sdk=iphoneos*]" = "iPhone Developer";
				COPY_PHASE_STRIP = NO;
				DEBUG_INFORMATION_FORMAT = dwarf;
				ENABLE_STRICT_OBJC_MSGSEND = YES;
				ENABLE_TESTABILITY = YES;
				GCC_C_LANGUAGE_STANDARD = gnu99;
				GCC_DYNAMIC_NO_PIC = NO;
				GCC_NO_COMMON_BLOCKS = YES;
				GCC_OPTIMIZATION_LEVEL = 0;
				GCC_PREPROCESSOR_DEFINITIONS = (
					"DEBUG=1",
					"$(inherited)",
				);
				GCC_WARN_64_TO_32_BIT_CONVERSION = YES;
				GCC_WARN_ABOUT_RETURN_TYPE = YES_ERROR;
				GCC_WARN_UNDECLARED_SELECTOR = YES;
				GCC_WARN_UNINITIALIZED_AUTOS = YES_AGGRESSIVE;
				GCC_WARN_UNUSED_FUNCTION = YES;
				GCC_WARN_UNUSED_VARIABLE = YES;
				IPHONEOS_DEPLOYMENT_TARGET = 9.3;
				MTL_ENABLE_DEBUG_INFO = YES;
				ONLY_ACTIVE_ARCH = YES;
				SDKROOT = iphoneos;
			};
			name = Debug;
		};
		8BA0D9321CC299FD00130B4D /* Release */ = {
			isa = XCBuildConfiguration;
			buildSettings = {
				ALWAYS_SEARCH_USER_PATHS = NO;
				CLANG_ANALYZER_NONNULL = YES;
				CLANG_CXX_LANGUAGE_STANDARD = "gnu++0x";
				CLANG_CXX_LIBRARY = "libc++";
				CLANG_ENABLE_MODULES = YES;
				CLANG_ENABLE_OBJC_ARC = YES;
				CLANG_WARN_BOOL_CONVERSION = YES;
				CLANG_WARN_CONSTANT_CONVERSION = YES;
				CLANG_WARN_DIRECT_OBJC_ISA_USAGE = YES_ERROR;
				CLANG_WARN_EMPTY_BODY = YES;
				CLANG_WARN_ENUM_CONVERSION = YES;
				CLANG_WARN_INT_CONVERSION = YES;
				CLANG_WARN_OBJC_ROOT_CLASS = YES_ERROR;
				CLANG_WARN_UNREACHABLE_CODE = YES;
				CLANG_WARN__DUPLICATE_METHOD_MATCH = YES;
				"CODE_SIGN_IDENTITY[sdk=iphoneos*]" = "iPhone Developer";
				COPY_PHASE_STRIP = NO;
				DEBUG_INFORMATION_FORMAT = "dwarf-with-dsym";
				ENABLE_NS_ASSERTIONS = NO;
				ENABLE_STRICT_OBJC_MSGSEND = YES;
				GCC_C_LANGUAGE_STANDARD = gnu99;
				GCC_NO_COMMON_BLOCKS = YES;
				GCC_WARN_64_TO_32_BIT_CONVERSION = YES;
				GCC_WARN_ABOUT_RETURN_TYPE = YES_ERROR;
				GCC_WARN_UNDECLARED_SELECTOR = YES;
				GCC_WARN_UNINITIALIZED_AUTOS = YES_AGGRESSIVE;
				GCC_WARN_UNUSED_FUNCTION = YES;
				GCC_WARN_UNUSED_VARIABLE = YES;
				IPHONEOS_DEPLOYMENT_TARGET = 9.3;
				MTL_ENABLE_DEBUG_INFO = NO;
				SDKROOT = iphoneos;
				VALIDATE_PRODUCT = YES;
			};
			name = Release;
		};
		8BA0D9341CC299FD00130B4D /* Debug */ = {
			isa = XCBuildConfiguration;
			buildSettings = {
				ASSETCATALOG_COMPILER_APPICON_NAME = AppIcon;
				INFOPLIST_FILE = SPWidgets_iOS/Info.plist;
				LD_RUNPATH_SEARCH_PATHS = "$(inherited) @executable_path/Frameworks";
				PRODUCT_BUNDLE_IDENTIFIER = "com.roselifeye.SPWidgets-iOS";
				PRODUCT_NAME = "$(TARGET_NAME)";
			};
			name = Debug;
		};
		8BA0D9351CC299FD00130B4D /* Release */ = {
			isa = XCBuildConfiguration;
			buildSettings = {
				ASSETCATALOG_COMPILER_APPICON_NAME = AppIcon;
				INFOPLIST_FILE = SPWidgets_iOS/Info.plist;
				LD_RUNPATH_SEARCH_PATHS = "$(inherited) @executable_path/Frameworks";
				PRODUCT_BUNDLE_IDENTIFIER = "com.roselifeye.SPWidgets-iOS";
				PRODUCT_NAME = "$(TARGET_NAME)";
			};
			name = Release;
		};
/* End XCBuildConfiguration section */

/* Begin XCConfigurationList section */
		8BA0D9171CC299FD00130B4D /* Build configuration list for PBXProject "SPWidgets_iOS" */ = {
			isa = XCConfigurationList;
			buildConfigurations = (
				8BA0D9311CC299FD00130B4D /* Debug */,
				8BA0D9321CC299FD00130B4D /* Release */,
			);
			defaultConfigurationIsVisible = 0;
			defaultConfigurationName = Release;
		};
		8BA0D9331CC299FD00130B4D /* Build configuration list for PBXNativeTarget "SPWidgets_iOS" */ = {
			isa = XCConfigurationList;
			buildConfigurations = (
				8BA0D9341CC299FD00130B4D /* Debug */,
				8BA0D9351CC299FD00130B4D /* Release */,
			);
			defaultConfigurationIsVisible = 0;
			defaultConfigurationName = Release;
		};
/* End XCConfigurationList section */
	};
	rootObject = 8BA0D9141CC299FD00130B4D /* Project object */;
}
